{
  "nodes": {
    "nixpkgs": {
      "locked": {
        "lastModified": 1733935885,
        "narHash": "sha256-xyiHLs6KJ1fxeGmcCxKjJE4yJknVJxbC8Y/ZRYyC8WE=",
        "owner": "NixOS",
        "repo": "nixpkgs",
        "rev": "5a48e3c2e435e95103d56590188cfed7b70e108c",
        "type": "github"
      },
      "original": {
        "owner": "NixOS",
        "ref": "nixpkgs-unstable",
        "repo": "nixpkgs",
        "type": "github"
      }
    },
    "root": {
      "inputs": {
        "rustOverlay": "rustOverlay",
        "unstable": "unstable"
      }
    },
    "rustOverlay": {
      "inputs": {
        "nixpkgs": "nixpkgs"
      },
      "locked": {
        "lastModified": 1734143514,
        "narHash": "sha256-1+r8wYucn8kp9d/IBW1uYGs31QQmSZURElsiOTx65xM=",
        "owner": "oxalica",
        "repo": "rust-overlay",
        "rev": "81fe5c27cb281a9b796d7ad05ad9179e5bd0c78d",
        "type": "github"
      },
      "original": {
        "owner": "oxalica",
        "repo": "rust-overlay",
        "type": "github"
      }
    },
    "unstable": {
      "locked": {
        "lastModified": 1732014248,
        "narHash": "sha256-y/MEyuJ5oBWrWAic/14LaIr/u5E0wRVzyYsouYY3W6w=",
        "owner": "NixOS",
        "repo": "nixpkgs",
        "rev": "23e89b7da85c3640bbc2173fe04f4bd114342367",
        "type": "github"
      },
      "original": {
        "owner": "NixOS",
        "ref": "23e89b7da85c3640bbc2173fe04f4bd114342367",
        "repo": "nixpkgs",
        "type": "github"
      }
    }
  },
  "root": "root",
  "version": 7
}
